
Microsoft Visual Studio Solution File, Format Version 12.00
# Visual Studio Version 17
VisualStudioVersion = 17.6.33829.357
MinimumVisualStudioVersion = 10.0.40219.1
Project("{FAE04EC0-301F-11D3-BF4B-00C04F79EFBC}") = "codeFirstDeneme", "codeFirstDeneme\codeFirstDeneme.csproj", "{92616EB4-A048-4786-A710-50FC6A058889}"
EndProject
Global
	GlobalSection(SolutionConfigurationPlatforms) = preSolution
		Debug|Any CPU = Debug|Any CPU
		Release|Any CPU = Release|Any CPU
	EndGlobalSection
	GlobalSection(ProjectConfigurationPlatforms) = postSolution
		{92616EB4-A048-4786-A710-50FC6A058889}.Debug|Any CPU.ActiveCfg = Debug|Any CPU
		{92616EB4-A048-4786-A710-50FC6A058889}.Debug|Any CPU.Build.0 = Debug|Any CPU
		{92616EB4-A048-4786-A710-50FC6A058889}.Release|Any CPU.ActiveCfg = Release|Any CPU
		{92616EB4-A048-4786-A710-50FC6A058889}.Release|Any CPU.Build.0 = Release|Any CPU
	EndGlobalSection
	GlobalSection(SolutionProperties) = preSolution
		HideSolutionNode = FALSE
	EndGlobalSection
	GlobalSection(ExtensibilityGlobals) = postSolution
		SolutionGuid = {4784AEE6-D237-4CDF-903B-6431AB3F48A6}
	EndGlobalSection
EndGlobal
